
Microsoft Visual Studio Solution File, Format Version 12.00
# Visual Studio Version 16
VisualStudioVersion = 16.0.30114.105
MinimumVisualStudioVersion = 10.0.40219.1
Project("{FAE04EC0-301F-11D3-BF4B-00C04F79EFBC}") = "MarketPlace", "MarketPlace\MarketPlace.csproj", "{CE7C3ECC-10F7-44E8-B69B-AC2B653EEEA7}"
EndProject
Project("{FAE04EC0-301F-11D3-BF4B-00C04F79EFBC}") = "MarketPlace.Core", "MarketPlace.Core\MarketPlace.Core.csproj", "{2FC64DF6-35D2-403E-B682-BBBF43C54575}"
EndProject
Project("{00D1A9C2-B5F0-4AF3-8072-F6C62B433612}") = "MarketPlace.Database", "MarketPlace.Database\MarketPlace.Database.sqlproj", "{3876EAA7-6FB3-4281-94C8-D3B8C89DC090}"
EndProject
Project("{FAE04EC0-301F-11D3-BF4B-00C04F79EFBC}") = "MarketPlace.Web", "MarketPlace.Web\MarketPlace.Web.csproj", "{896BA4EA-0E1B-46FE-B379-5F5B5891075E}"
EndProject
Global
	GlobalSection(SolutionConfigurationPlatforms) = preSolution
		Debug|Any CPU = Debug|Any CPU
		Release|Any CPU = Release|Any CPU
	EndGlobalSection
	GlobalSection(ProjectConfigurationPlatforms) = postSolution
		{CE7C3ECC-10F7-44E8-B69B-AC2B653EEEA7}.Debug|Any CPU.ActiveCfg = Debug|Any CPU
		{CE7C3ECC-10F7-44E8-B69B-AC2B653EEEA7}.Debug|Any CPU.Build.0 = Debug|Any CPU
		{CE7C3ECC-10F7-44E8-B69B-AC2B653EEEA7}.Release|Any CPU.ActiveCfg = Release|Any CPU
		{CE7C3ECC-10F7-44E8-B69B-AC2B653EEEA7}.Release|Any CPU.Build.0 = Release|Any CPU
		{2FC64DF6-35D2-403E-B682-BBBF43C54575}.Debug|Any CPU.ActiveCfg = Debug|Any CPU
		{2FC64DF6-35D2-403E-B682-BBBF43C54575}.Debug|Any CPU.Build.0 = Debug|Any CPU
		{2FC64DF6-35D2-403E-B682-BBBF43C54575}.Release|Any CPU.ActiveCfg = Release|Any CPU
		{2FC64DF6-35D2-403E-B682-BBBF43C54575}.Release|Any CPU.Build.0 = Release|Any CPU
		{3876EAA7-6FB3-4281-94C8-D3B8C89DC090}.Debug|Any CPU.ActiveCfg = Debug|Any CPU
		{3876EAA7-6FB3-4281-94C8-D3B8C89DC090}.Debug|Any CPU.Build.0 = Debug|Any CPU
		{3876EAA7-6FB3-4281-94C8-D3B8C89DC090}.Debug|Any CPU.Deploy.0 = Debug|Any CPU
		{3876EAA7-6FB3-4281-94C8-D3B8C89DC090}.Release|Any CPU.ActiveCfg = Release|Any CPU
		{3876EAA7-6FB3-4281-94C8-D3B8C89DC090}.Release|Any CPU.Build.0 = Release|Any CPU
		{3876EAA7-6FB3-4281-94C8-D3B8C89DC090}.Release|Any CPU.Deploy.0 = Release|Any CPU
		{896BA4EA-0E1B-46FE-B379-5F5B5891075E}.Debug|Any CPU.ActiveCfg = Debug|Any CPU
		{896BA4EA-0E1B-46FE-B379-5F5B5891075E}.Debug|Any CPU.Build.0 = Debug|Any CPU
		{896BA4EA-0E1B-46FE-B379-5F5B5891075E}.Release|Any CPU.ActiveCfg = Release|Any CPU
		{896BA4EA-0E1B-46FE-B379-5F5B5891075E}.Release|Any CPU.Build.0 = Release|Any CPU
	EndGlobalSection
	GlobalSection(SolutionProperties) = preSolution
		HideSolutionNode = FALSE
	EndGlobalSection
	GlobalSection(ExtensibilityGlobals) = postSolution
		SolutionGuid = {DD419FB9-D164-4B58-B68E-14A96822A5E9}
	EndGlobalSection
EndGlobal
